// !$*UTF8*$!
{
	archiveVersion = 1;
	classes = {
	};
	objectVersion = 55;
	objects = {

/* Begin PBXBuildFile section */
		846618D527F66F3B00FF4A37 /* SwiftUIView.swift in Sources */ = {isa = PBXBuildFile; fileRef = 846618D427F66F3B00FF4A37 /* SwiftUIView.swift */; };
		846618D627F66F3B00FF4A37 /* SwiftUIView.swift in Sources */ = {isa = PBXBuildFile; fileRef = 846618D427F66F3B00FF4A37 /* SwiftUIView.swift */; };
		84E3947127F5102F00199555 /* Tests_iOS.swift in Sources */ = {isa = PBXBuildFile; fileRef = 84E3947027F5102F00199555 /* Tests_iOS.swift */; };
		84E3947327F5102F00199555 /* Tests_iOSLaunchTests.swift in Sources */ = {isa = PBXBuildFile; fileRef = 84E3947227F5102F00199555 /* Tests_iOSLaunchTests.swift */; };
		84E3947D27F5102F00199555 /* Tests_macOS.swift in Sources */ = {isa = PBXBuildFile; fileRef = 84E3947C27F5102F00199555 /* Tests_macOS.swift */; };
		84E3947F27F5102F00199555 /* Tests_macOSLaunchTests.swift in Sources */ = {isa = PBXBuildFile; fileRef = 84E3947E27F5102F00199555 /* Tests_macOSLaunchTests.swift */; };
		84E3948027F5102F00199555 /* appApp.swift in Sources */ = {isa = PBXBuildFile; fileRef = 84E3945827F5102000199555 /* appApp.swift */; };
		84E3948127F5102F00199555 /* appApp.swift in Sources */ = {isa = PBXBuildFile; fileRef = 84E3945827F5102000199555 /* appApp.swift */; };
		84E3948227F5102F00199555 /* ContentView.swift in Sources */ = {isa = PBXBuildFile; fileRef = 84E3945927F5102000199555 /* ContentView.swift */; };
		84E3948327F5102F00199555 /* ContentView.swift in Sources */ = {isa = PBXBuildFile; fileRef = 84E3945927F5102000199555 /* ContentView.swift */; };
		84E3948427F5102F00199555 /* Assets.xcassets in Resources */ = {isa = PBXBuildFile; fileRef = 84E3945A27F5102F00199555 /* Assets.xcassets */; };
		84E3948527F5102F00199555 /* Assets.xcassets in Resources */ = {isa = PBXBuildFile; fileRef = 84E3945A27F5102F00199555 /* Assets.xcassets */; };
/* End PBXBuildFile section */

/* Begin PBXContainerItemProxy section */
		84E3946D27F5102F00199555 /* PBXContainerItemProxy */ = {
			isa = PBXContainerItemProxy;
			containerPortal = 84E3945327F5101E00199555 /* Project object */;
			proxyType = 1;
			remoteGlobalIDString = 84E3945E27F5102F00199555;
			remoteInfo = "app (iOS)";
		};
		84E3947927F5102F00199555 /* PBXContainerItemProxy */ = {
			isa = PBXContainerItemProxy;
			containerPortal = 84E3945327F5101E00199555 /* Project object */;
			proxyType = 1;
			remoteGlobalIDString = 84E3946427F5102F00199555;
			remoteInfo = "app (macOS)";
		};
/* End PBXContainerItemProxy section */

/* Begin PBXFileReference section */
		846618D427F66F3B00FF4A37 /* SwiftUIView.swift */ = {isa = PBXFileReference; lastKnownFileType = sourcecode.swift; path = SwiftUIView.swift; sourceTree = "<group>"; };
		84E3945827F5102000199555 /* appApp.swift */ = {isa = PBXFileReference; lastKnownFileType = sourcecode.swift; path = appApp.swift; sourceTree = "<group>"; };
		84E3945927F5102000199555 /* ContentView.swift */ = {isa = PBXFileReference; lastKnownFileType = sourcecode.swift; path = ContentView.swift; sourceTree = "<group>"; };
		84E3945A27F5102F00199555 /* Assets.xcassets */ = {isa = PBXFileReference; lastKnownFileType = folder.assetcatalog; path = Assets.xcassets; sourceTree = "<group>"; };
		84E3945F27F5102F00199555 /* app.app */ = {isa = PBXFileReference; explicitFileType = wrapper.application; includeInIndex = 0; path = app.app; sourceTree = BUILT_PRODUCTS_DIR; };
		84E3946527F5102F00199555 /* app.app */ = {isa = PBXFileReference; explicitFileType = wrapper.application; includeInIndex = 0; path = app.app; sourceTree = BUILT_PRODUCTS_DIR; };
		84E3946727F5102F00199555 /* macOS.entitlements */ = {isa = PBXFileReference; lastKnownFileType = text.plist.entitlements; path = macOS.entitlements; sourceTree = "<group>"; };
		84E3946C27F5102F00199555 /* Tests iOS.xctest */ = {isa = PBXFileReference; explicitFileType = wrapper.cfbundle; includeInIndex = 0; path = "Tests iOS.xctest"; sourceTree = BUILT_PRODUCTS_DIR; };
		84E3947027F5102F00199555 /* Tests_iOS.swift */ = {isa = PBXFileReference; lastKnownFileType = sourcecode.swift; path = Tests_iOS.swift; sourceTree = "<group>"; };
		84E3947227F5102F00199555 /* Tests_iOSLaunchTests.swift */ = {isa = PBXFileReference; lastKnownFileType = sourcecode.swift; path = Tests_iOSLaunchTests.swift; sourceTree = "<group>"; };
		84E3947827F5102F00199555 /* Tests macOS.xctest */ = {isa = PBXFileReference; explicitFileType = wrapper.cfbundle; includeInIndex = 0; path = "Tests macOS.xctest"; sourceTree = BUILT_PRODUCTS_DIR; };
		84E3947C27F5102F00199555 /* Tests_macOS.swift */ = {isa = PBXFileReference; lastKnownFileType = sourcecode.swift; path = Tests_macOS.swift; sourceTree = "<group>"; };
		84E3947E27F5102F00199555 /* Tests_macOSLaunchTests.swift */ = {isa = PBXFileReference; lastKnownFileType = sourcecode.swift; path = Tests_macOSLaunchTests.swift; sourceTree = "<group>"; };
/* End PBXFileReference section */

/* Begin PBXFrameworksBuildPhase section */
		84E3945C27F5102F00199555 /* Frameworks */ = {
			isa = PBXFrameworksBuildPhase;
			buildActionMask = 2147483647;
			files = (
			);
			runOnlyForDeploymentPostprocessing = 0;
		};
		84E3946227F5102F00199555 /* Frameworks */ = {
			isa = PBXFrameworksBuildPhase;
			buildActionMask = 2147483647;
			files = (
			);
			runOnlyForDeploymentPostprocessing = 0;
		};
		84E3946927F5102F00199555 /* Frameworks */ = {
			isa = PBXFrameworksBuildPhase;
			buildActionMask = 2147483647;
			files = (
			);
			runOnlyForDeploymentPostprocessing = 0;
		};
		84E3947527F5102F00199555 /* Frameworks */ = {
			isa = PBXFrameworksBuildPhase;
			buildActionMask = 2147483647;
			files = (
			);
			runOnlyForDeploymentPostprocessing = 0;
		};
/* End PBXFrameworksBuildPhase section */

/* Begin PBXGroup section */
		84E3945227F5101E00199555 = {
			isa = PBXGroup;
			children = (
				84E3945727F5102000199555 /* Shared */,
				84E3946627F5102F00199555 /* macOS */,
				84E3946F27F5102F00199555 /* Tests iOS */,
				84E3947B27F5102F00199555 /* Tests macOS */,
				84E3946027F5102F00199555 /* Products */,
			);
			sourceTree = "<group>";
		};
		84E3945727F5102000199555 /* Shared */ = {
			isa = PBXGroup;
			children = (
				84E3945827F5102000199555 /* appApp.swift */,
				84E3945927F5102000199555 /* ContentView.swift */,
				84E3945A27F5102F00199555 /* Assets.xcassets */,
				846618D427F66F3B00FF4A37 /* SwiftUIView.swift */,
			);
			path = Shared;
			sourceTree = "<group>";
		};
		84E3946027F5102F00199555 /* Products */ = {
			isa = PBXGroup;
			children = (
				84E3945F27F5102F00199555 /* app.app */,
				84E3946527F5102F00199555 /* app.app */,
				84E3946C27F5102F00199555 /* Tests iOS.xctest */,
				84E3947827F5102F00199555 /* Tests macOS.xctest */,
			);
			name = Products;
			sourceTree = "<group>";
		};
		84E3946627F5102F00199555 /* macOS */ = {
			isa = PBXGroup;
			children = (
				84E3946727F5102F00199555 /* macOS.entitlements */,
			);
			path = macOS;
			sourceTree = "<group>";
		};
		84E3946F27F5102F00199555 /* Tests iOS */ = {
			isa = PBXGroup;
			children = (
				84E3947027F5102F00199555 /* Tests_iOS.swift */,
				84E3947227F5102F00199555 /* Tests_iOSLaunchTests.swift */,
			);
			path = "Tests iOS";
			sourceTree = "<group>";
		};
		84E3947B27F5102F00199555 /* Tests macOS */ = {
			isa = PBXGroup;
			children = (
				84E3947C27F5102F00199555 /* Tests_macOS.swift */,
				84E3947E27F5102F00199555 /* Tests_macOSLaunchTests.swift */,
			);
			path = "Tests macOS";
			sourceTree = "<group>";
		};
/* End PBXGroup section */

/* Begin PBXNativeTarget section */
		84E3945E27F5102F00199555 /* app (iOS) */ = {
			isa = PBXNativeTarget;
			buildConfigurationList = 84E3948827F5102F00199555 /* Build configuration list for PBXNativeTarget "app (iOS)" */;
			buildPhases = (
				84E3945B27F5102F00199555 /* Sources */,
				84E3945C27F5102F00199555 /* Frameworks */,
				84E3945D27F5102F00199555 /* Resources */,
			);
			buildRules = (
			);
			dependencies = (
			);
			name = "app (iOS)";
			productName = "app (iOS)";
			productReference = 84E3945F27F5102F00199555 /* app.app */;
			productType = "com.apple.product-type.application";
		};
		84E3946427F5102F00199555 /* app (macOS) */ = {
			isa = PBXNativeTarget;
			buildConfigurationList = 84E3948B27F5102F00199555 /* Build configuration list for PBXNativeTarget "app (macOS)" */;
			buildPhases = (
				84E3946127F5102F00199555 /* Sources */,
				84E3946227F5102F00199555 /* Frameworks */,
				84E3946327F5102F00199555 /* Resources */,
			);
			buildRules = (
			);
			dependencies = (
			);
			name = "app (macOS)";
			productName = "app (macOS)";
			productReference = 84E3946527F5102F00199555 /* app.app */;
			productType = "com.apple.product-type.application";
		};
		84E3946B27F5102F00199555 /* Tests iOS */ = {
			isa = PBXNativeTarget;
			buildConfigurationList = 84E3948E27F5102F00199555 /* Build configuration list for PBXNativeTarget "Tests iOS" */;
			buildPhases = (
				84E3946827F5102F00199555 /* Sources */,
				84E3946927F5102F00199555 /* Frameworks */,
				84E3946A27F5102F00199555 /* Resources */,
			);
			buildRules = (
			);
			dependencies = (
				84E3946E27F5102F00199555 /* PBXTargetDependency */,
			);
			name = "Tests iOS";
			productName = "Tests iOS";
			productReference = 84E3946C27F5102F00199555 /* Tests iOS.xctest */;
			productType = "com.apple.product-type.bundle.ui-testing";
		};
		84E3947727F5102F00199555 /* Tests macOS */ = {
			isa = PBXNativeTarget;
			buildConfigurationList = 84E3949127F5102F00199555 /* Build configuration list for PBXNativeTarget "Tests macOS" */;
			buildPhases = (
				84E3947427F5102F00199555 /* Sources */,
				84E3947527F5102F00199555 /* Frameworks */,
				84E3947627F5102F00199555 /* Resources */,
			);
			buildRules = (
			);
			dependencies = (
				84E3947A27F5102F00199555 /* PBXTargetDependency */,
			);
			name = "Tests macOS";
			productName = "Tests macOS";
			productReference = 84E3947827F5102F00199555 /* Tests macOS.xctest */;
			productType = "com.apple.product-type.bundle.ui-testing";
		};
/* End PBXNativeTarget section */

/* Begin PBXProject section */
		84E3945327F5101E00199555 /* Project object */ = {
			isa = PBXProject;
			attributes = {
				BuildIndependentTargetsInParallel = 1;
				LastSwiftUpdateCheck = 1330;
				LastUpgradeCheck = 1330;
				TargetAttributes = {
					84E3945E27F5102F00199555 = {
						CreatedOnToolsVersion = 13.3;
					};
					84E3946427F5102F00199555 = {
						CreatedOnToolsVersion = 13.3;
					};
					84E3946B27F5102F00199555 = {
						CreatedOnToolsVersion = 13.3;
						TestTargetID = 84E3945E27F5102F00199555;
					};
					84E3947727F5102F00199555 = {
						CreatedOnToolsVersion = 13.3;
						TestTargetID = 84E3946427F5102F00199555;
					};
				};
			};
			buildConfigurationList = 84E3945627F5101E00199555 /* Build configuration list for PBXProject "app" */;
			compatibilityVersion = "Xcode 13.0";
			developmentRegion = en;
			hasScannedForEncodings = 0;
			knownRegions = (
				en,
				Base,
			);
			mainGroup = 84E3945227F5101E00199555;
			productRefGroup = 84E3946027F5102F00199555 /* Products */;
			projectDirPath = "";
			projectRoot = "";
			targets = (
				84E3945E27F5102F00199555 /* app (iOS) */,
				84E3946427F5102F00199555 /* app (macOS) */,
				84E3946B27F5102F00199555 /* Tests iOS */,
				84E3947727F5102F00199555 /* Tests macOS */,
			);
		};
/* End PBXProject section */

/* Begin PBXResourcesBuildPhase section */
		84E3945D27F5102F00199555 /* Resources */ = {
			isa = PBXResourcesBuildPhase;
			buildActionMask = 2147483647;
			files = (
				84E3948427F5102F00199555 /* Assets.xcassets in Resources */,
			);
			runOnlyForDeploymentPostprocessing = 0;
		};
		84E3946327F5102F00199555 /* Resources */ = {
			isa = PBXResourcesBuildPhase;
			buildActionMask = 2147483647;
			files = (
				84E3948527F5102F00199555 /* Assets.xcassets in Resources */,
			);
			runOnlyForDeploymentPostprocessing = 0;
		};
		84E3946A27F5102F00199555 /* Resources */ = {
			isa = PBXResourcesBuildPhase;
			buildActionMask = 2147483647;
			files = (
			);
			runOnlyForDeploymentPostprocessing = 0;
		};
		84E3947627F5102F00199555 /* Resources */ = {
			isa = PBXResourcesBuildPhase;
			buildActionMask = 2147483647;
			files = (
			);
			runOnlyForDeploymentPostprocessing = 0;
		};
/* End PBXResourcesBuildPhase section */

/* Begin PBXSourcesBuildPhase section */
		84E3945B27F5102F00199555 /* Sources */ = {
			isa = PBXSourcesBuildPhase;
			buildActionMask = 2147483647;
			files = (
				84E3948227F5102F00199555 /* ContentView.swift in Sources */,
				84E3948027F5102F00199555 /* appApp.swift in Sources */,
				846618D527F66F3B00FF4A37 /* SwiftUIView.swift in Sources */,
			);
			runOnlyForDeploymentPostprocessing = 0;
		};
		84E3946127F5102F00199555 /* Sources */ = {
			isa = PBXSourcesBuildPhase;
			buildActionMask = 2147483647;
			files = (
				84E3948327F5102F00199555 /* ContentView.swift in Sources */,
				84E3948127F5102F00199555 /* appApp.swift in Sources */,
				846618D627F66F3B00FF4A37 /* SwiftUIView.swift in Sources */,
			);
			runOnlyForDeploymentPostprocessing = 0;
		};
		84E3946827F5102F00199555 /* Sources */ = {
			isa = PBXSourcesBuildPhase;
			buildActionMask = 2147483647;
			files = (
				84E3947327F5102F00199555 /* Tests_iOSLaunchTests.swift in Sources */,
				84E3947127F5102F00199555 /* Tests_iOS.swift in Sources */,
			);
			runOnlyForDeploymentPostprocessing = 0;
		};
		84E3947427F5102F00199555 /* Sources */ = {
			isa = PBXSourcesBuildPhase;
			buildActionMask = 2147483647;
			files = (
				84E3947F27F5102F00199555 /* Tests_macOSLaunchTests.swift in Sources */,
				84E3947D27F5102F00199555 /* Tests_macOS.swift in Sources */,
			);
			runOnlyForDeploymentPostprocessing = 0;
		};
/* End PBXSourcesBuildPhase section */

/* Begin PBXTargetDependency section */
		84E3946E27F5102F00199555 /* PBXTargetDependency */ = {
			isa = PBXTargetDependency;
			target = 84E3945E27F5102F00199555 /* app (iOS) */;
			targetProxy = 84E3946D27F5102F00199555 /* PBXContainerItemProxy */;
		};
		84E3947A27F5102F00199555 /* PBXTargetDependency */ = {
			isa = PBXTargetDependency;
			target = 84E3946427F5102F00199555 /* app (macOS) */;
			targetProxy = 84E3947927F5102F00199555 /* PBXContainerItemProxy */;
		};
/* End PBXTargetDependency section */

/* Begin XCBuildConfiguration section */
		84E3948627F5102F00199555 /* Debug */ = {
			isa = XCBuildConfiguration;
			buildSettings = {
				ALWAYS_SEARCH_USER_PATHS = NO;
				CLANG_ANALYZER_NONNULL = YES;
				CLANG_ANALYZER_NUMBER_OBJECT_CONVERSION = YES_AGGRESSIVE;
				CLANG_CXX_LANGUAGE_STANDARD = "gnu++17";
				CLANG_ENABLE_MODULES = YES;
				CLANG_ENABLE_OBJC_ARC = YES;
				CLANG_ENABLE_OBJC_WEAK = YES;
				CLANG_WARN_BLOCK_CAPTURE_AUTORELEASING = YES;
				CLANG_WARN_BOOL_CONVERSION = YES;
				CLANG_WARN_COMMA = YES;
				CLANG_WARN_CONSTANT_CONVERSION = YES;
				CLANG_WARN_DEPRECATED_OBJC_IMPLEMENTATIONS = YES;
				CLANG_WARN_DIRECT_OBJC_ISA_USAGE = YES_ERROR;
				CLANG_WARN_DOCUMENTATION_COMMENTS = YES;
				CLANG_WARN_EMPTY_BODY = YES;
				CLANG_WARN_ENUM_CONVERSION = YES;
				CLANG_WARN_INFINITE_RECURSION = YES;
				CLANG_WARN_INT_CONVERSION = YES;
				CLANG_WARN_NON_LITERAL_NULL_CONVERSION = YES;
				CLANG_WARN_OBJC_IMPLICIT_RETAIN_SELF = YES;
				CLANG_WARN_OBJC_LITERAL_CONVERSION = YES;
				CLANG_WARN_OBJC_ROOT_CLASS = YES_ERROR;
				CLANG_WARN_QUOTED_INCLUDE_IN_FRAMEWORK_HEADER = YES;
				CLANG_WARN_RANGE_LOOP_ANALYSIS = YES;
				CLANG_WARN_STRICT_PROTOTYPES = YES;
				CLANG_WARN_SUSPICIOUS_MOVE = YES;
				CLANG_WARN_UNGUARDED_AVAILABILITY = YES_AGGRESSIVE;
				CLANG_WARN_UNREACHABLE_CODE = YES;
				CLANG_WARN__DUPLICATE_METHOD_MATCH = YES;
				COPY_PHASE_STRIP = NO;
				DEBUG_INFORMATION_FORMAT = dwarf;
				ENABLE_STRICT_OBJC_MSGSEND = YES;
				ENABLE_TESTABILITY = YES;
				GCC_C_LANGUAGE_STANDARD = gnu11;
				GCC_DYNAMIC_NO_PIC = NO;
				GCC_NO_COMMON_BLOCKS = YES;
				GCC_OPTIMIZATION_LEVEL = 0;
				GCC_PREPROCESSOR_DEFINITIONS = (
					"DEBUG=1",
					"$(inherited)",
				);
				GCC_WARN_64_TO_32_BIT_CONVERSION = YES;
				GCC_WARN_ABOUT_RETURN_TYPE = YES_ERROR;
				GCC_WARN_UNDECLARED_SELECTOR = YES;
				GCC_WARN_UNINITIALIZED_AUTOS = YES_AGGRESSIVE;
				GCC_WARN_UNUSED_FUNCTION = YES;
				GCC_WARN_UNUSED_VARIABLE = YES;
				MTL_ENABLE_DEBUG_INFO = INCLUDE_SOURCE;
				MTL_FAST_MATH = YES;
				ONLY_ACTIVE_ARCH = YES;
				SWIFT_ACTIVE_COMPILATION_CONDITIONS = DEBUG;
				SWIFT_OPTIMIZATION_LEVEL = "-Onone";
			};
			name = Debug;
		};
		84E3948727F5102F00199555 /* Release */ = {
			isa = XCBuildConfiguration;
			buildSettings = {
				ALWAYS_SEARCH_USER_PATHS = NO;
				CLANG_ANALYZER_NONNULL = YES;
				CLANG_ANALYZER_NUMBER_OBJECT_CONVERSION = YES_AGGRESSIVE;
				CLANG_CXX_LANGUAGE_STANDARD = "gnu++17";
				CLANG_ENABLE_MODULES = YES;
				CLANG_ENABLE_OBJC_ARC = YES;
				CLANG_ENABLE_OBJC_WEAK = YES;
				CLANG_WARN_BLOCK_CAPTURE_AUTORELEASING = YES;
				CLANG_WARN_BOOL_CONVERSION = YES;
				CLANG_WARN_COMMA = YES;
				CLANG_WARN_CONSTANT_CONVERSION = YES;
				CLANG_WARN_DEPRECATED_OBJC_IMPLEMENTATIONS = YES;
				CLANG_WARN_DIRECT_OBJC_ISA_USAGE = YES_ERROR;
				CLANG_WARN_DOCUMENTATION_COMMENTS = YES;
				CLANG_WARN_EMPTY_BODY = YES;
				CLANG_WARN_ENUM_CONVERSION = YES;
				CLANG_WARN_INFINITE_RECURSION = YES;
				CLANG_WARN_INT_CONVERSION = YES;
				CLANG_WARN_NON_LITERAL_NULL_CONVERSION = YES;
				CLANG_WARN_OBJC_IMPLICIT_RETAIN_SELF = YES;
				CLANG_WARN_OBJC_LITERAL_CONVERSION = YES;
				CLANG_WARN_OBJC_ROOT_CLASS = YES_ERROR;
				CLANG_WARN_QUOTED_INCLUDE_IN_FRAMEWORK_HEADER = YES;
				CLANG_WARN_RANGE_LOOP_ANALYSIS = YES;
				CLANG_WARN_STRICT_PROTOTYPES = YES;
				CLANG_WARN_SUSPICIOUS_MOVE = YES;
				CLANG_WARN_UNGUARDED_AVAILABILITY = YES_AGGRESSIVE;
				CLANG_WARN_UNREACHABLE_CODE = YES;
				CLANG_WARN__DUPLICATE_METHOD_MATCH = YES;
				COPY_PHASE_STRIP = NO;
				DEBUG_INFORMATION_FORMAT = "dwarf-with-dsym";
				ENABLE_NS_ASSERTIONS = NO;
				ENABLE_STRICT_OBJC_MSGSEND = YES;
				GCC_C_LANGUAGE_STANDARD = gnu11;
				GCC_NO_COMMON_BLOCKS = YES;
				GCC_WARN_64_TO_32_BIT_CONVERSION = YES;
				GCC_WARN_ABOUT_RETURN_TYPE = YES_ERROR;
				GCC_WARN_UNDECLARED_SELECTOR = YES;
				GCC_WARN_UNINITIALIZED_AUTOS = YES_AGGRESSIVE;
				GCC_WARN_UNUSED_FUNCTION = YES;
				GCC_WARN_UNUSED_VARIABLE = YES;
				MTL_ENABLE_DEBUG_INFO = NO;
				MTL_FAST_MATH = YES;
				SWIFT_COMPILATION_MODE = wholemodule;
				SWIFT_OPTIMIZATION_LEVEL = "-O";
			};
			name = Release;
		};
		84E3948927F5102F00199555 /* Debug */ = {
			isa = XCBuildConfiguration;
			buildSettings = {
				ASSETCATALOG_COMPILER_APPICON_NAME = AppIcon;
				ASSETCATALOG_COMPILER_GLOBAL_ACCENT_COLOR_NAME = AccentColor;
				CODE_SIGN_STYLE = Automatic;
				CURRENT_PROJECT_VERSION = 1;
				ENABLE_PREVIEWS = YES;
				GENERATE_INFOPLIST_FILE = YES;
				INFOPLIST_KEY_UIApplicationSceneManifest_Generation = YES;
				INFOPLIST_KEY_UIApplicationSupportsIndirectInputEvents = YES;
				INFOPLIST_KEY_UILaunchScreen_Generation = YES;
				INFOPLIST_KEY_UISupportedInterfaceOrientations_iPad = "UIInterfaceOrientationPortrait UIInterfaceOrientationPortraitUpsideDown UIInterfaceOrientationLandscapeLeft UIInterfaceOrientationLandscapeRight";
				INFOPLIST_KEY_UISupportedInterfaceOrientations_iPhone = "UIInterfaceOrientationPortrait UIInterfaceOrientationLandscapeLeft UIInterfaceOrientationLandscapeRight";
				IPHONEOS_DEPLOYMENT_TARGET = 15.4;
				LD_RUNPATH_SEARCH_PATHS = (
					"$(inherited)",
					"@executable_path/Frameworks",
				);
				MARKETING_VERSION = 1.0;
				PRODUCT_BUNDLE_IDENTIFIER = f.app;
				PRODUCT_NAME = app;
				SDKROOT = iphoneos;
				SWIFT_EMIT_LOC_STRINGS = YES;
				SWIFT_VERSION = 5.0;
				TARGETED_DEVICE_FAMILY = "1,2";
			};
			name = Debug;
		};
		84E3948A27F5102F00199555 /* Release */ = {
			isa = XCBuildConfiguration;
			buildSettings = {
				ASSETCATALOG_COMPILER_APPICON_NAME = AppIcon;
				ASSETCATALOG_COMPILER_GLOBAL_ACCENT_COLOR_NAME = AccentColor;
				CODE_SIGN_STYLE = Automatic;
				CURRENT_PROJECT_VERSION = 1;
				ENABLE_PREVIEWS = YES;
				GENERATE_INFOPLIST_FILE = YES;
				INFOPLIST_KEY_UIApplicationSceneManifest_Generation = YES;
				INFOPLIST_KEY_UIApplicationSupportsIndirectInputEvents = YES;
				INFOPLIST_KEY_UILaunchScreen_Generation = YES;
				INFOPLIST_KEY_UISupportedInterfaceOrientations_iPad = "UIInterfaceOrientationPortrait UIInterfaceOrientationPortraitUpsideDown UIInterfaceOrientationLandscapeLeft UIInterfaceOrientationLandscapeRight";
				INFOPLIST_KEY_UISupportedInterfaceOrientations_iPhone = "UIInterfaceOrientationPortrait UIInterfaceOrientationLandscapeLeft UIInterfaceOrientationLandscapeRight";
				IPHONEOS_DEPLOYMENT_TARGET = 15.4;
				LD_RUNPATH_SEARCH_PATHS = (
					"$(inherited)",
					"@executable_path/Frameworks",
				);
				MARKETING_VERSION = 1.0;
				PRODUCT_BUNDLE_IDENTIFIER = f.app;
				PRODUCT_NAME = app;
				SDKROOT = iphoneos;
				SWIFT_EMIT_LOC_STRINGS = YES;
				SWIFT_VERSION = 5.0;
				TARGETED_DEVICE_FAMILY = "1,2";
				VALIDATE_PRODUCT = YES;
			};
			name = Release;
		};
		84E3948C27F5102F00199555 /* Debug */ = {
			isa = XCBuildConfiguration;
			buildSettings = {
				ASSETCATALOG_COMPILER_APPICON_NAME = AppIcon;
				ASSETCATALOG_COMPILER_GLOBAL_ACCENT_COLOR_NAME = AccentColor;
				CODE_SIGN_ENTITLEMENTS = macOS/macOS.entitlements;
				CODE_SIGN_STYLE = Automatic;
				COMBINE_HIDPI_IMAGES = YES;
				CURRENT_PROJECT_VERSION = 1;
				ENABLE_PREVIEWS = YES;
				GENERATE_INFOPLIST_FILE = YES;
				INFOPLIST_KEY_NSHumanReadableCopyright = "";
				LD_RUNPATH_SEARCH_PATHS = (
					"$(inherited)",
					"@executable_path/../Frameworks",
				);
				MACOSX_DEPLOYMENT_TARGET = 12.3;
				MARKETING_VERSION = 1.0;
				PRODUCT_BUNDLE_IDENTIFIER = f.app;
				PRODUCT_NAME = app;
				SDKROOT = macosx;
				SWIFT_EMIT_LOC_STRINGS = YES;
				SWIFT_VERSION = 5.0;
			};
			name = Debug;
		};
		84E3948D27F5102F00199555 /* Release */ = {
			isa = XCBuildConfiguration;
			buildSettings = {
				ASSETCATALOG_COMPILER_APPICON_NAME = AppIcon;
				ASSETCATALOG_COMPILER_GLOBAL_ACCENT_COLOR_NAME = AccentColor;
				CODE_SIGN_ENTITLEMENTS = macOS/macOS.entitlements;
				CODE_SIGN_STYLE = Automatic;
				COMBINE_HIDPI_IMAGES = YES;
				CURRENT_PROJECT_VERSION = 1;
				ENABLE_PREVIEWS = YES;
				GENERATE_INFOPLIST_FILE = YES;
				INFOPLIST_KEY_NSHumanReadableCopyright = "";
				LD_RUNPATH_SEARCH_PATHS = (
					"$(inherited)",
					"@executable_path/../Frameworks",
				);
				MACOSX_DEPLOYMENT_TARGET = 12.3;
				MARKETING_VERSION = 1.0;
				PRODUCT_BUNDLE_IDENTIFIER = f.app;
				PRODUCT_NAME = app;
				SDKROOT = macosx;
				SWIFT_EMIT_LOC_STRINGS = YES;
				SWIFT_VERSION = 5.0;
			};
			name = Release;
		};
		84E3948F27F5102F00199555 /* Debug */ = {
			isa = XCBuildConfiguration;
			buildSettings = {
				ALWAYS_EMBED_SWIFT_STANDARD_LIBRARIES = YES;
				CODE_SIGN_STYLE = Automatic;
				CURRENT_PROJECT_VERSION = 1;
				GENERATE_INFOPLIST_FILE = YES;
				IPHONEOS_DEPLOYMENT_TARGET = 15.4;
				MARKETING_VERSION = 1.0;
				PRODUCT_BUNDLE_IDENTIFIER = "f.Tests-iOS";
				PRODUCT_NAME = "$(TARGET_NAME)";
				SDKROOT = iphoneos;
				SWIFT_EMIT_LOC_STRINGS = NO;
				SWIFT_VERSION = 5.0;
				TARGETED_DEVICE_FAMILY = "1,2";
				TEST_TARGET_NAME = "app (iOS)";
			};
			name = Debug;
		};
		84E3949027F5102F00199555 /* Release */ = {
			isa = XCBuildConfiguration;
			buildSettings = {
				ALWAYS_EMBED_SWIFT_STANDARD_LIBRARIES = YES;
				CODE_SIGN_STYLE = Automatic;
				CURRENT_PROJECT_VERSION = 1;
				GENERATE_INFOPLIST_FILE = YES;
				IPHONEOS_DEPLOYMENT_TARGET = 15.4;
				MARKETING_VERSION = 1.0;
				PRODUCT_BUNDLE_IDENTIFIER = "f.Tests-iOS";
				PRODUCT_NAME = "$(TARGET_NAME)";
				SDKROOT = iphoneos;
				SWIFT_EMIT_LOC_STRINGS = NO;
				SWIFT_VERSION = 5.0;
				TARGETED_DEVICE_FAMILY = "1,2";
				TEST_TARGET_NAME = "app (iOS)";
				VALIDATE_PRODUCT = YES;
			};
			name = Release;
		};
		84E3949227F5102F00199555 /* Debug */ = {
			isa = XCBuildConfiguration;
			buildSettings = {
				ALWAYS_EMBED_SWIFT_STANDARD_LIBRARIES = YES;
				CODE_SIGN_STYLE = Automatic;
				CURRENT_PROJECT_VERSION = 1;
				GENERATE_INFOPLIST_FILE = YES;
				MACOSX_DEPLOYMENT_TARGET = 12.3;
				MARKETING_VERSION = 1.0;
				PRODUCT_BUNDLE_IDENTIFIER = "f.Tests-macOS";
				PRODUCT_NAME = "$(TARGET_NAME)";
				SDKROOT = macosx;
				SWIFT_EMIT_LOC_STRINGS = NO;
				SWIFT_VERSION = 5.0;
				TEST_TARGET_NAME = "app (macOS)";
			};
			name = Debug;
		};
		84E3949327F5102F00199555 /* Release */ = {
			isa = XCBuildConfiguration;
			buildSettings = {
				ALWAYS_EMBED_SWIFT_STANDARD_LIBRARIES = YES;
				CODE_SIGN_STYLE = Automatic;
				CURRENT_PROJECT_VERSION = 1;
				GENERATE_INFOPLIST_FILE = YES;
				MACOSX_DEPLOYMENT_TARGET = 12.3;
				MARKETING_VERSION = 1.0;
				PRODUCT_BUNDLE_IDENTIFIER = "f.Tests-macOS";
				PRODUCT_NAME = "$(TARGET_NAME)";
				SDKROOT = macosx;
				SWIFT_EMIT_LOC_STRINGS = NO;
				SWIFT_VERSION = 5.0;
				TEST_TARGET_NAME = "app (macOS)";
			};
			name = Release;
		};
/* End XCBuildConfiguration section */

/* Begin XCConfigurationList section */
		84E3945627F5101E00199555 /* Build configuration list for PBXProject "app" */ = {
			isa = XCConfigurationList;
			buildConfigurations = (
				84E3948627F5102F00199555 /* Debug */,
				84E3948727F5102F00199555 /* Release */,
			);
			defaultConfigurationIsVisible = 0;
			defaultConfigurationName = Release;
		};
		84E3948827F5102F00199555 /* Build configuration list for PBXNativeTarget "app (iOS)" */ = {
			isa = XCConfigurationList;
			buildConfigurations = (
				84E3948927F5102F00199555 /* Debug */,
				84E3948A27F5102F00199555 /* Release */,
			);
			defaultConfigurationIsVisible = 0;
			defaultConfigurationName = Release;
		};
		84E3948B27F5102F00199555 /* Build configuration list for PBXNativeTarget "app (macOS)" */ = {
			isa = XCConfigurationList;
			buildConfigurations = (
				84E3948C27F5102F00199555 /* Debug */,
				84E3948D27F5102F00199555 /* Release */,
			);
			defaultConfigurationIsVisible = 0;
			defaultConfigurationName = Release;
		};
		84E3948E27F5102F00199555 /* Build configuration list for PBXNativeTarget "Tests iOS" */ = {
			isa = XCConfigurationList;
			buildConfigurations = (
				84E3948F27F5102F00199555 /* Debug */,
				84E3949027F5102F00199555 /* Release */,
			);
			defaultConfigurationIsVisible = 0;
			defaultConfigurationName = Release;
		};
		84E3949127F5102F00199555 /* Build configuration list for PBXNativeTarget "Tests macOS" */ = {
			isa = XCConfigurationList;
			buildConfigurations = (
				84E3949227F5102F00199555 /* Debug */,
				84E3949327F5102F00199555 /* Release */,
			);
			defaultConfigurationIsVisible = 0;
			defaultConfigurationName = Release;
		};
/* End XCConfigurationList section */
	};
	rootObject = 84E3945327F5101E00199555 /* Project object */;
}
